
Microsoft Visual Studio Solution File, Format Version 12.00
# Visual Studio Version 17
VisualStudioVersion = 17.4.33205.214
MinimumVisualStudioVersion = 10.0.40219.1
Project("{9A19103F-16F7-4668-BE54-9A1E7A4F7556}") = "Wordle", "Wordle\Wordle.csproj", "{2CF68901-9493-4B00-9090-60A6A362B817}"
EndProject
Project("{2150E333-8FDC-42A3-9474-1A3956D46DE8}") = "Solution Items", "Solution Items", "{C7DEC334-EA37-49E6-8675-FEEA2391BB76}"
	ProjectSection(SolutionItems) = preProject
		README.md = README.md
		valid_guesses.csv = valid_guesses.csv
		valid_solutions.csv = valid_solutions.csv
	EndProjectSection
EndProject
Global
	GlobalSection(SolutionConfigurationPlatforms) = preSolution
		Debug|Any CPU = Debug|Any CPU
		Release|Any CPU = Release|Any CPU
	EndGlobalSection
	GlobalSection(ProjectConfigurationPlatforms) = postSolution
		{2CF68901-9493-4B00-9090-60A6A362B817}.Debug|Any CPU.ActiveCfg = Debug|Any CPU
		{2CF68901-9493-4B00-9090-60A6A362B817}.Debug|Any CPU.Build.0 = Debug|Any CPU
		{2CF68901-9493-4B00-9090-60A6A362B817}.Release|Any CPU.ActiveCfg = Release|Any CPU
		{2CF68901-9493-4B00-9090-60A6A362B817}.Release|Any CPU.Build.0 = Release|Any CPU
	EndGlobalSection
	GlobalSection(SolutionProperties) = preSolution
		HideSolutionNode = FALSE
	EndGlobalSection
	GlobalSection(ExtensibilityGlobals) = postSolution
		SolutionGuid = {ECEDBA21-6BF6-4A03-BAC0-424B5D7D3D84}
	EndGlobalSection
EndGlobal
